{
  "name": "donuts",
  "version": "1.0.0",
  "lockfileVersion": 1,
  "requires": true,
  "dependencies": {
    "debug": {
      "version": "4.3.2",
      "resolved": "https://registry.npmjs.org/debug/-/debug-4.3.2.tgz",
      "integrity": "sha512-mOp8wKcvj7XxC78zLgw/ZA+6TSgkoE2C/ienthhRD298T7UNwAg9diBpLRxC0mOezLl4B0xV7M0cCO6P/O0Xhw==",
      "requires": {
        "ms": "2.1.2"
      }
    },
    "ms": {
      "version": "2.1.2",
      "resolved": "https://registry.npmjs.org/ms/-/ms-2.1.2.tgz",
      "integrity": "sha512-sGkPx+VjMtmA6MX27oA4FBFELFCZZ4S4XqeGOXCv68tT+jb3vk/RyaKWP0PTKyWtmLSM0b+adUTEvbs1PEaH2w=="
    },
    "sqs-consumer": {
      "version": "5.5.0",
      "resolved": "https://registry.npmjs.org/sqs-consumer/-/sqs-consumer-5.5.0.tgz",
      "integrity": "sha512-vzKzOZlZtZarOWbg/nbEoMyNu64XnQ4QB3e74nMBNaIuM/RhelUGNGrvrB83IW6a7/DxKDulM46h2TeQP3/1nA==",
      "requires": {
        "debug": "^4.1.1"
      }
    }
  }
}
